
Microsoft Visual Studio Solution File, Format Version 12.00
# Visual Studio Version 17
VisualStudioVersion = 17.4.33110.190
MinimumVisualStudioVersion = 10.0.40219.1
Project("{FAE04EC0-301F-11D3-BF4B-00C04F79EFBC}") = "kart_Listy", "kart_Listy.csproj", "{B42C8EBB-69DD-4024-9218-E1455A27B68A}"
EndProject
Global
	GlobalSection(SolutionConfigurationPlatforms) = preSolution
		Debug|Any CPU = Debug|Any CPU
		Release|Any CPU = Release|Any CPU
	EndGlobalSection
	GlobalSection(ProjectConfigurationPlatforms) = postSolution
		{B42C8EBB-69DD-4024-9218-E1455A27B68A}.Debug|Any CPU.ActiveCfg = Debug|Any CPU
		{B42C8EBB-69DD-4024-9218-E1455A27B68A}.Debug|Any CPU.Build.0 = Debug|Any CPU
		{B42C8EBB-69DD-4024-9218-E1455A27B68A}.Release|Any CPU.ActiveCfg = Release|Any CPU
		{B42C8EBB-69DD-4024-9218-E1455A27B68A}.Release|Any CPU.Build.0 = Release|Any CPU
	EndGlobalSection
	GlobalSection(SolutionProperties) = preSolution
		HideSolutionNode = FALSE
	EndGlobalSection
	GlobalSection(ExtensibilityGlobals) = postSolution
		SolutionGuid = {054E705A-3DF5-4964-AFD1-8A1889ED5C01}
	EndGlobalSection
EndGlobal
